// !$*UTF8*$!
{
	archiveVersion = 1;
	classes = {
	};
	objectVersion = 46;
	objects = {

/* Begin PBXBuildFile section */
		B712F78416F0C12800D193B7 /* IHBlock.js in Sources */ = {isa = PBXBuildFile; fileRef = B712F77716F0C12800D193B7 /* IHBlock.js */; };
		B712F78516F0C12800D193B7 /* IHCategory.js in Sources */ = {isa = PBXBuildFile; fileRef = B712F77816F0C12800D193B7 /* IHCategory.js */; };
		B712F78616F0C12800D193B7 /* IHEngine.js in Sources */ = {isa = PBXBuildFile; fileRef = B712F77916F0C12800D193B7 /* IHEngine.js */; };
		B712F78716F0C12800D193B7 /* IHGantt.js in Sources */ = {isa = PBXBuildFile; fileRef = B712F77A16F0C12800D193B7 /* IHGantt.js */; };
		B712F78816F0C12800D193B7 /* IHKeyMap.js in Sources */ = {isa = PBXBuildFile; fileRef = B712F77B16F0C12800D193B7 /* IHKeyMap.js */; };
		B712F78916F0C12800D193B7 /* IHMessage.js in Sources */ = {isa = PBXBuildFile; fileRef = B712F77C16F0C12800D193B7 /* IHMessage.js */; };
		B712F78A16F0C12800D193B7 /* IHObject.js in Sources */ = {isa = PBXBuildFile; fileRef = B712F77D16F0C12800D193B7 /* IHObject.js */; };
		B712F78B16F0C12800D193B7 /* IHPackage.js in Sources */ = {isa = PBXBuildFile; fileRef = B712F77E16F0C12800D193B7 /* IHPackage.js */; };
		B712F78C16F0C12800D193B7 /* IHPubSub.js in Sources */ = {isa = PBXBuildFile; fileRef = B712F77F16F0C12800D193B7 /* IHPubSub.js */; };
		B712F78D16F0C12800D193B7 /* IHService.js in Sources */ = {isa = PBXBuildFile; fileRef = B712F78016F0C12800D193B7 /* IHService.js */; };
		B712F78E16F0C12800D193B7 /* IHUser.js in Sources */ = {isa = PBXBuildFile; fileRef = B712F78116F0C12800D193B7 /* IHUser.js */; };
		B712F78F16F0C12800D193B7 /* IHUtils.js in Sources */ = {isa = PBXBuildFile; fileRef = B712F78216F0C12800D193B7 /* IHUtils.js */; };
		B712F79016F0C12800D193B7 /* IHXML.js in Sources */ = {isa = PBXBuildFile; fileRef = B712F78316F0C12800D193B7 /* IHXML.js */; };
		B712F79216F0C44500D193B7 /* IHObjectTester.js in Sources */ = {isa = PBXBuildFile; fileRef = B712F79116F0C44500D193B7 /* IHObjectTester.js */; };
		B712F79416F0C6B000D193B7 /* IHTestCenter.js in Sources */ = {isa = PBXBuildFile; fileRef = B712F79316F0C6B000D193B7 /* IHTestCenter.js */; };
		B725AB4D16F155570057A0A4 /* IHUtilsTester.js in Sources */ = {isa = PBXBuildFile; fileRef = B725AB4C16F155570057A0A4 /* IHUtilsTester.js */; };
		B75C212B16F1F5B1004B8CB3 /* IHPackageTester.js in Sources */ = {isa = PBXBuildFile; fileRef = B75C212A16F1F5B1004B8CB3 /* IHPackageTester.js */; };
		B75C212E16F1FF06004B8CB3 /* IHXMLTester.js in Sources */ = {isa = PBXBuildFile; fileRef = B75C212D16F1FF06004B8CB3 /* IHXMLTester.js */; };
		B75C213016F20296004B8CB3 /* testXML.xml in Resources */ = {isa = PBXBuildFile; fileRef = B75C212F16F20296004B8CB3 /* testXML.xml */; };
		B75C213216F20F3B004B8CB3 /* IHScroll.js in Sources */ = {isa = PBXBuildFile; fileRef = B75C213116F20F3B004B8CB3 /* IHScroll.js */; };
		B75C213416F21508004B8CB3 /* IHScrollTester.js in Sources */ = {isa = PBXBuildFile; fileRef = B75C213316F21508004B8CB3 /* IHScrollTester.js */; };
		B766B49016F8577D00610BCB /* controller.js in Sources */ = {isa = PBXBuildFile; fileRef = B766B48616F8577D00610BCB /* controller.js */; };
		B766B49116F8577D00610BCB /* cover.js in Sources */ = {isa = PBXBuildFile; fileRef = B766B48716F8577D00610BCB /* cover.js */; };
		B766B49216F8577D00610BCB /* coverflow.js in Sources */ = {isa = PBXBuildFile; fileRef = B766B48816F8577D00610BCB /* coverflow.js */; };
		B766B49316F8577D00610BCB /* flash.js in Sources */ = {isa = PBXBuildFile; fileRef = B766B48916F8577D00610BCB /* flash.js */; };
		B766B49416F8577D00610BCB /* html5.js in Sources */ = {isa = PBXBuildFile; fileRef = B766B48A16F8577D00610BCB /* html5.js */; };
		B766B49516F8577D00610BCB /* main.js in Sources */ = {isa = PBXBuildFile; fileRef = B766B48B16F8577D00610BCB /* main.js */; };
		B766B49616F8577D00610BCB /* modernizr.js in Sources */ = {isa = PBXBuildFile; fileRef = B766B48C16F8577D00610BCB /* modernizr.js */; };
		B766B49716F8577D00610BCB /* playlistloader.js in Sources */ = {isa = PBXBuildFile; fileRef = B766B48D16F8577D00610BCB /* playlistloader.js */; };
		B766B49816F8577D00610BCB /* signal.js in Sources */ = {isa = PBXBuildFile; fileRef = B766B48E16F8577D00610BCB /* signal.js */; };
		B766B49916F8577D00610BCB /* utils.js in Sources */ = {isa = PBXBuildFile; fileRef = B766B48F16F8577D00610BCB /* utils.js */; };
		B785030116F6E4500045A26F /* plugin.js in Sources */ = {isa = PBXBuildFile; fileRef = B78502FC16F6E4500045A26F /* plugin.js */; };
		B785030216F6E4500045A26F /* plugin.xml in Resources */ = {isa = PBXBuildFile; fileRef = B78502FD16F6E4500045A26F /* plugin.xml */; };
		B785030916F6E5170045A26F /* plugin.js in Sources */ = {isa = PBXBuildFile; fileRef = B785030716F6E5170045A26F /* plugin.js */; };
		B785030A16F6E5170045A26F /* plugin.xml in Resources */ = {isa = PBXBuildFile; fileRef = B785030816F6E5170045A26F /* plugin.xml */; };
		B7BBF7FD16E7377800D86F69 /* index.html in Resources */ = {isa = PBXBuildFile; fileRef = B7BBF7FC16E7377800D86F69 /* index.html */; };
		B7BBF80116E739EC00D86F69 /* objc.css in Resources */ = {isa = PBXBuildFile; fileRef = B7BBF7FE16E739EC00D86F69 /* objc.css */; };
		B7BBF80216E739EC00D86F69 /* reset.css in Resources */ = {isa = PBXBuildFile; fileRef = B7BBF7FF16E739EC00D86F69 /* reset.css */; };
		B7BBF80316E739EC00D86F69 /* style.css in Resources */ = {isa = PBXBuildFile; fileRef = B7BBF80016E739EC00D86F69 /* style.css */; };
		B7BBF80A16E739F800D86F69 /* hr.png in Resources */ = {isa = PBXBuildFile; fileRef = B7BBF80416E739F800D86F69 /* hr.png */; };
		B7BBF80B16E739F800D86F69 /* 1.ico in Resources */ = {isa = PBXBuildFile; fileRef = B7BBF80616E739F800D86F69 /* 1.ico */; };
		B7BBF80C16E739F800D86F69 /* logo.png in Resources */ = {isa = PBXBuildFile; fileRef = B7BBF80816E739F800D86F69 /* logo.png */; };
		B7BBF80D16E739F800D86F69 /* texture.png in Resources */ = {isa = PBXBuildFile; fileRef = B7BBF80916E739F800D86F69 /* texture.png */; };
		B7F0CB1616F48FAF00BD49F3 /* IHPubSubTester.js in Sources */ = {isa = PBXBuildFile; fileRef = B7F0CB1516F48FAF00BD49F3 /* IHPubSubTester.js */; };
		B7F0CB1916F4949B00BD49F3 /* IHMessageTester.js in Sources */ = {isa = PBXBuildFile; fileRef = B7F0CB1816F4949B00BD49F3 /* IHMessageTester.js */; };
		B7F0CB1B16F4949B00BD49F3 /* IH$Service.js in Sources */ = {isa = PBXBuildFile; fileRef = B7F0CB1A16F4949B00BD49F3 /* IH$Service.js */; };
		B7F0CB1F16F4949B00BD49F3 /* jquery-1.9.1.js in Sources */ = {isa = PBXBuildFile; fileRef = B7F0CB1C16F4949B00BD49F3 /* jquery-1.9.1.js */; };
		B7F0CB2016F4949B00BD49F3 /* jquery-plugin-data.js in Sources */ = {isa = PBXBuildFile; fileRef = B7F0CB1D16F4949B00BD49F3 /* jquery-plugin-data.js */; };
		B7F0CB2116F4949B00BD49F3 /* jquery-ui-1.8.21.custom.min.js in Sources */ = {isa = PBXBuildFile; fileRef = B7F0CB1E16F4949B00BD49F3 /* jquery-ui-1.8.21.custom.min.js */; };
		B7F0CB2616F4949B00BD49F3 /* animate.css in Resources */ = {isa = PBXBuildFile; fileRef = B7F0CB2216F4949B00BD49F3 /* animate.css */; };
		B7F0CB2716F4949B00BD49F3 /* button.css in Resources */ = {isa = PBXBuildFile; fileRef = B7F0CB2316F4949B00BD49F3 /* button.css */; };
		B7F0CB2816F4949B00BD49F3 /* gantt.css in Resources */ = {isa = PBXBuildFile; fileRef = B7F0CB2416F4949B00BD49F3 /* gantt.css */; };
		B7F0CB2916F4949B00BD49F3 /* jquery-ui-1.8.21.custom.css in Resources */ = {isa = PBXBuildFile; fileRef = B7F0CB2516F4949B00BD49F3 /* jquery-ui-1.8.21.custom.css */; };
		B7F0CB2B16F4949B00BD49F3 /* jquery-plugin-animation.js in Sources */ = {isa = PBXBuildFile; fileRef = B7F0CB2A16F4949B00BD49F3 /* jquery-plugin-animation.js */; };
		B7F0CB2D16F4949B00BD49F3 /* IHAMPEngine.js in Sources */ = {isa = PBXBuildFile; fileRef = B7F0CB2C16F4949B00BD49F3 /* IHAMPEngine.js */; };
		B7F0CB2F16F4949B00BD49F3 /* IHAMPPlugin.js in Sources */ = {isa = PBXBuildFile; fileRef = B7F0CB2E16F4949B00BD49F3 /* IHAMPPlugin.js */; };
		B7F0CB3216F4949B00BD49F3 /* ampConf.xml in Resources */ = {isa = PBXBuildFile; fileRef = B7F0CB3116F4949B00BD49F3 /* ampConf.xml */; };
		B7F0CB3416F4949B00BD49F3 /* IHAMPEngineTester.js in Sources */ = {isa = PBXBuildFile; fileRef = B7F0CB3316F4949B00BD49F3 /* IHAMPEngineTester.js */; };
		B7F0CB3616F4949B00BD49F3 /* jquery-1.9.1.min.js in Sources */ = {isa = PBXBuildFile; fileRef = B7F0CB3516F4949B00BD49F3 /* jquery-1.9.1.min.js */; };
		B7F0CB3A16F4949B00BD49F3 /* plugin.js in Sources */ = {isa = PBXBuildFile; fileRef = B7F0CB3816F4949B00BD49F3 /* plugin.js */; };
		B7F0CB3B16F4949B00BD49F3 /* plugin.xml in Resources */ = {isa = PBXBuildFile; fileRef = B7F0CB3916F4949B00BD49F3 /* plugin.xml */; };
		B7FC971216BBA157006F6893 /* UIKit.framework in Frameworks */ = {isa = PBXBuildFile; fileRef = B7FC971116BBA157006F6893 /* UIKit.framework */; };
		B7FC971416BBA157006F6893 /* Foundation.framework in Frameworks */ = {isa = PBXBuildFile; fileRef = B7FC971316BBA157006F6893 /* Foundation.framework */; };
		B7FC971616BBA157006F6893 /* CoreGraphics.framework in Frameworks */ = {isa = PBXBuildFile; fileRef = B7FC971516BBA157006F6893 /* CoreGraphics.framework */; };
		B7FC971C16BBA157006F6893 /* InfoPlist.strings in Resources */ = {isa = PBXBuildFile; fileRef = B7FC971A16BBA157006F6893 /* InfoPlist.strings */; };
		B7FC971E16BBA157006F6893 /* main.m in Sources */ = {isa = PBXBuildFile; fileRef = B7FC971D16BBA157006F6893 /* main.m */; };
		B7FC972216BBA157006F6893 /* iHAppDelegate.m in Sources */ = {isa = PBXBuildFile; fileRef = B7FC972116BBA157006F6893 /* iHAppDelegate.m */; };
		B7FC972416BBA157006F6893 /* Default.png in Resources */ = {isa = PBXBuildFile; fileRef = B7FC972316BBA157006F6893 /* Default.png */; };
		B7FC972616BBA157006F6893 /* Default@2x.png in Resources */ = {isa = PBXBuildFile; fileRef = B7FC972516BBA157006F6893 /* Default@2x.png */; };
		B7FC972816BBA157006F6893 /* Default-568h@2x.png in Resources */ = {isa = PBXBuildFile; fileRef = B7FC972716BBA157006F6893 /* Default-568h@2x.png */; };
		B7FC973716BBA172006F6893 /* cJZKeOuBrn4kERxqtaUH3bO3LdcAZYWl9Si6vvxL-qU.woff in Resources */ = {isa = PBXBuildFile; fileRef = B7FC972F16BBA172006F6893 /* cJZKeOuBrn4kERxqtaUH3bO3LdcAZYWl9Si6vvxL-qU.woff */; };
		B7FC973816BBA172006F6893 /* css in Resources */ = {isa = PBXBuildFile; fileRef = B7FC973016BBA172006F6893 /* css */; };
		B7FC973916BBA172006F6893 /* default2.css in Resources */ = {isa = PBXBuildFile; fileRef = B7FC973116BBA172006F6893 /* default2.css */; };
		B7FC973A16BBA172006F6893 /* DXI1ORHCpsQm3Vp6mXoaTaRDOzjiPcYnFooOUGCOsRk.woff in Resources */ = {isa = PBXBuildFile; fileRef = B7FC973216BBA172006F6893 /* DXI1ORHCpsQm3Vp6mXoaTaRDOzjiPcYnFooOUGCOsRk.woff */; };
		B7FC973B16BBA172006F6893 /* k3k702ZOKiLJc3WVjuplzKRDOzjiPcYnFooOUGCOsRk.woff in Resources */ = {isa = PBXBuildFile; fileRef = B7FC973316BBA172006F6893 /* k3k702ZOKiLJc3WVjuplzKRDOzjiPcYnFooOUGCOsRk.woff */; };
		B7FC973C16BBA172006F6893 /* maia-suez.sitemap.cs in Resources */ = {isa = PBXBuildFile; fileRef = B7FC973416BBA172006F6893 /* maia-suez.sitemap.cs */; };
		B7FC973D16BBA172006F6893 /* MTP_ySUJH_bn48VBG8sNSqRDOzjiPcYnFooOUGCOsRk.woff in Resources */ = {isa = PBXBuildFile; fileRef = B7FC973516BBA172006F6893 /* MTP_ySUJH_bn48VBG8sNSqRDOzjiPcYnFooOUGCOsRk.woff */; };
		B7FC974816BBA98E006F6893 /* index.html in Resources */ = {isa = PBXBuildFile; fileRef = B7FC974716BBA98E006F6893 /* index.html */; };
/* End PBXBuildFile section */

/* Begin PBXFileReference section */
		B712F77716F0C12800D193B7 /* IHBlock.js */ = {isa = PBXFileReference; fileEncoding = 4; lastKnownFileType = sourcecode.javascript; path = IHBlock.js; sourceTree = "<group>"; };
		B712F77816F0C12800D193B7 /* IHCategory.js */ = {isa = PBXFileReference; fileEncoding = 4; lastKnownFileType = sourcecode.javascript; path = IHCategory.js; sourceTree = "<group>"; };
		B712F77916F0C12800D193B7 /* IHEngine.js */ = {isa = PBXFileReference; fileEncoding = 4; lastKnownFileType = sourcecode.javascript; path = IHEngine.js; sourceTree = "<group>"; };
		B712F77A16F0C12800D193B7 /* IHGantt.js */ = {isa = PBXFileReference; fileEncoding = 4; lastKnownFileType = sourcecode.javascript; path = IHGantt.js; sourceTree = "<group>"; };
		B712F77B16F0C12800D193B7 /* IHKeyMap.js */ = {isa = PBXFileReference; fileEncoding = 4; lastKnownFileType = sourcecode.javascript; path = IHKeyMap.js; sourceTree = "<group>"; };
		B712F77C16F0C12800D193B7 /* IHMessage.js */ = {isa = PBXFileReference; fileEncoding = 4; lastKnownFileType = sourcecode.javascript; path = IHMessage.js; sourceTree = "<group>"; };
		B712F77D16F0C12800D193B7 /* IHObject.js */ = {isa = PBXFileReference; fileEncoding = 4; lastKnownFileType = sourcecode.javascript; path = IHObject.js; sourceTree = "<group>"; };
		B712F77E16F0C12800D193B7 /* IHPackage.js */ = {isa = PBXFileReference; fileEncoding = 4; lastKnownFileType = sourcecode.javascript; path = IHPackage.js; sourceTree = "<group>"; };
		B712F77F16F0C12800D193B7 /* IHPubSub.js */ = {isa = PBXFileReference; fileEncoding = 4; lastKnownFileType = sourcecode.javascript; path = IHPubSub.js; sourceTree = "<group>"; };
		B712F78016F0C12800D193B7 /* IHService.js */ = {isa = PBXFileReference; fileEncoding = 4; lastKnownFileType = sourcecode.javascript; path = IHService.js; sourceTree = "<group>"; };
		B712F78116F0C12800D193B7 /* IHUser.js */ = {isa = PBXFileReference; fileEncoding = 4; lastKnownFileType = sourcecode.javascript; path = IHUser.js; sourceTree = "<group>"; };
		B712F78216F0C12800D193B7 /* IHUtils.js */ = {isa = PBXFileReference; fileEncoding = 4; lastKnownFileType = sourcecode.javascript; path = IHUtils.js; sourceTree = "<group>"; };
		B712F78316F0C12800D193B7 /* IHXML.js */ = {isa = PBXFileReference; fileEncoding = 4; lastKnownFileType = sourcecode.javascript; path = IHXML.js; sourceTree = "<group>"; };
		B712F79116F0C44500D193B7 /* IHObjectTester.js */ = {isa = PBXFileReference; fileEncoding = 4; lastKnownFileType = sourcecode.javascript; path = IHObjectTester.js; sourceTree = "<group>"; };
		B712F79316F0C6B000D193B7 /* IHTestCenter.js */ = {isa = PBXFileReference; fileEncoding = 4; lastKnownFileType = sourcecode.javascript; path = IHTestCenter.js; sourceTree = "<group>"; };
		B725AB4C16F155570057A0A4 /* IHUtilsTester.js */ = {isa = PBXFileReference; fileEncoding = 4; lastKnownFileType = sourcecode.javascript; path = IHUtilsTester.js; sourceTree = "<group>"; };
		B75C212A16F1F5B1004B8CB3 /* IHPackageTester.js */ = {isa = PBXFileReference; fileEncoding = 4; lastKnownFileType = sourcecode.javascript; path = IHPackageTester.js; sourceTree = "<group>"; };
		B75C212D16F1FF06004B8CB3 /* IHXMLTester.js */ = {isa = PBXFileReference; fileEncoding = 4; lastKnownFileType = sourcecode.javascript; path = IHXMLTester.js; sourceTree = "<group>"; };
		B75C212F16F20296004B8CB3 /* testXML.xml */ = {isa = PBXFileReference; fileEncoding = 4; lastKnownFileType = text.xml; path = testXML.xml; sourceTree = "<group>"; };
		B75C213116F20F3B004B8CB3 /* IHScroll.js */ = {isa = PBXFileReference; fileEncoding = 4; lastKnownFileType = sourcecode.javascript; path = IHScroll.js; sourceTree = "<group>"; };
		B75C213316F21508004B8CB3 /* IHScrollTester.js */ = {isa = PBXFileReference; fileEncoding = 4; lastKnownFileType = sourcecode.javascript; path = IHScrollTester.js; sourceTree = "<group>"; };
		B766B48616F8577D00610BCB /* controller.js */ = {isa = PBXFileReference; fileEncoding = 4; lastKnownFileType = sourcecode.javascript; path = controller.js; sourceTree = "<group>"; };
		B766B48716F8577D00610BCB /* cover.js */ = {isa = PBXFileReference; fileEncoding = 4; lastKnownFileType = sourcecode.javascript; path = cover.js; sourceTree = "<group>"; };
		B766B48816F8577D00610BCB /* coverflow.js */ = {isa = PBXFileReference; fileEncoding = 4; lastKnownFileType = sourcecode.javascript; path = coverflow.js; sourceTree = "<group>"; };
		B766B48916F8577D00610BCB /* flash.js */ = {isa = PBXFileReference; fileEncoding = 4; lastKnownFileType = sourcecode.javascript; path = flash.js; sourceTree = "<group>"; };
		B766B48A16F8577D00610BCB /* html5.js */ = {isa = PBXFileReference; fileEncoding = 4; lastKnownFileType = sourcecode.javascript; path = html5.js; sourceTree = "<group>"; };
		B766B48B16F8577D00610BCB /* main.js */ = {isa = PBXFileReference; fileEncoding = 4; lastKnownFileType = sourcecode.javascript; path = main.js; sourceTree = "<group>"; };
		B766B48C16F8577D00610BCB /* modernizr.js */ = {isa = PBXFileReference; fileEncoding = 4; lastKnownFileType = sourcecode.javascript; path = modernizr.js; sourceTree = "<group>"; };
		B766B48D16F8577D00610BCB /* playlistloader.js */ = {isa = PBXFileReference; fileEncoding = 4; lastKnownFileType = sourcecode.javascript; path = playlistloader.js; sourceTree = "<group>"; };
		B766B48E16F8577D00610BCB /* signal.js */ = {isa = PBXFileReference; fileEncoding = 4; lastKnownFileType = sourcecode.javascript; path = signal.js; sourceTree = "<group>"; };
		B766B48F16F8577D00610BCB /* utils.js */ = {isa = PBXFileReference; fileEncoding = 4; lastKnownFileType = sourcecode.javascript; path = utils.js; sourceTree = "<group>"; };
		B78502FC16F6E4500045A26F /* plugin.js */ = {isa = PBXFileReference; fileEncoding = 4; lastKnownFileType = sourcecode.javascript; path = plugin.js; sourceTree = "<group>"; };
		B78502FD16F6E4500045A26F /* plugin.xml */ = {isa = PBXFileReference; fileEncoding = 4; lastKnownFileType = text.xml; path = plugin.xml; sourceTree = "<group>"; };
		B785030716F6E5170045A26F /* plugin.js */ = {isa = PBXFileReference; fileEncoding = 4; lastKnownFileType = sourcecode.javascript; path = plugin.js; sourceTree = "<group>"; };
		B785030816F6E5170045A26F /* plugin.xml */ = {isa = PBXFileReference; fileEncoding = 4; lastKnownFileType = text.xml; path = plugin.xml; sourceTree = "<group>"; };
		B7BBF7FC16E7377800D86F69 /* index.html */ = {isa = PBXFileReference; fileEncoding = 4; lastKnownFileType = text.html; path = index.html; sourceTree = "<group>"; };
		B7BBF7FE16E739EC00D86F69 /* objc.css */ = {isa = PBXFileReference; fileEncoding = 4; lastKnownFileType = text.css; path = objc.css; sourceTree = "<group>"; };
		B7BBF7FF16E739EC00D86F69 /* reset.css */ = {isa = PBXFileReference; fileEncoding = 4; lastKnownFileType = text.css; path = reset.css; sourceTree = "<group>"; };
		B7BBF80016E739EC00D86F69 /* style.css */ = {isa = PBXFileReference; fileEncoding = 4; lastKnownFileType = text.css; path = style.css; sourceTree = "<group>"; };
		B7BBF80416E739F800D86F69 /* hr.png */ = {isa = PBXFileReference; lastKnownFileType = image.png; path = hr.png; sourceTree = "<group>"; };
		B7BBF80616E739F800D86F69 /* 1.ico */ = {isa = PBXFileReference; lastKnownFileType = image.ico; path = 1.ico; sourceTree = "<group>"; };
		B7BBF80816E739F800D86F69 /* logo.png */ = {isa = PBXFileReference; lastKnownFileType = image.png; path = logo.png; sourceTree = "<group>"; };
		B7BBF80916E739F800D86F69 /* texture.png */ = {isa = PBXFileReference; lastKnownFileType = image.png; path = texture.png; sourceTree = "<group>"; };
		B7F0CB1516F48FAF00BD49F3 /* IHPubSubTester.js */ = {isa = PBXFileReference; fileEncoding = 4; lastKnownFileType = sourcecode.javascript; path = IHPubSubTester.js; sourceTree = "<group>"; };
		B7F0CB1816F4949B00BD49F3 /* IHMessageTester.js */ = {isa = PBXFileReference; fileEncoding = 4; lastKnownFileType = sourcecode.javascript; path = IHMessageTester.js; sourceTree = "<group>"; };
		B7F0CB1A16F4949B00BD49F3 /* IH$Service.js */ = {isa = PBXFileReference; fileEncoding = 4; lastKnownFileType = sourcecode.javascript; path = IH$Service.js; sourceTree = "<group>"; };
		B7F0CB1C16F4949B00BD49F3 /* jquery-1.9.1.js */ = {isa = PBXFileReference; fileEncoding = 4; lastKnownFileType = sourcecode.javascript; path = "jquery-1.9.1.js"; sourceTree = "<group>"; };
		B7F0CB1D16F4949B00BD49F3 /* jquery-plugin-data.js */ = {isa = PBXFileReference; fileEncoding = 4; lastKnownFileType = sourcecode.javascript; path = "jquery-plugin-data.js"; sourceTree = "<group>"; };
		B7F0CB1E16F4949B00BD49F3 /* jquery-ui-1.8.21.custom.min.js */ = {isa = PBXFileReference; fileEncoding = 4; lastKnownFileType = sourcecode.javascript; path = "jquery-ui-1.8.21.custom.min.js"; sourceTree = "<group>"; };
		B7F0CB2216F4949B00BD49F3 /* animate.css */ = {isa = PBXFileReference; fileEncoding = 4; lastKnownFileType = text.css; path = animate.css; sourceTree = "<group>"; };
		B7F0CB2316F4949B00BD49F3 /* button.css */ = {isa = PBXFileReference; fileEncoding = 4; lastKnownFileType = text.css; path = button.css; sourceTree = "<group>"; };
		B7F0CB2416F4949B00BD49F3 /* gantt.css */ = {isa = PBXFileReference; fileEncoding = 4; lastKnownFileType = text.css; path = gantt.css; sourceTree = "<group>"; };
		B7F0CB2516F4949B00BD49F3 /* jquery-ui-1.8.21.custom.css */ = {isa = PBXFileReference; fileEncoding = 4; lastKnownFileType = text.css; path = "jquery-ui-1.8.21.custom.css"; sourceTree = "<group>"; };
		B7F0CB2A16F4949B00BD49F3 /* jquery-plugin-animation.js */ = {isa = PBXFileReference; fileEncoding = 4; lastKnownFileType = sourcecode.javascript; path = "jquery-plugin-animation.js"; sourceTree = "<group>"; };
		B7F0CB2C16F4949B00BD49F3 /* IHAMPEngine.js */ = {isa = PBXFileReference; fileEncoding = 4; lastKnownFileType = sourcecode.javascript; path = IHAMPEngine.js; sourceTree = "<group>"; };
		B7F0CB2E16F4949B00BD49F3 /* IHAMPPlugin.js */ = {isa = PBXFileReference; fileEncoding = 4; lastKnownFileType = sourcecode.javascript; path = IHAMPPlugin.js; sourceTree = "<group>"; };
		B7F0CB3116F4949B00BD49F3 /* ampConf.xml */ = {isa = PBXFileReference; fileEncoding = 4; lastKnownFileType = text.xml; path = ampConf.xml; sourceTree = "<group>"; };
		B7F0CB3316F4949B00BD49F3 /* IHAMPEngineTester.js */ = {isa = PBXFileReference; fileEncoding = 4; lastKnownFileType = sourcecode.javascript; path = IHAMPEngineTester.js; sourceTree = "<group>"; };
		B7F0CB3516F4949B00BD49F3 /* jquery-1.9.1.min.js */ = {isa = PBXFileReference; fileEncoding = 4; lastKnownFileType = sourcecode.javascript; path = "jquery-1.9.1.min.js"; sourceTree = "<group>"; };
		B7F0CB3816F4949B00BD49F3 /* plugin.js */ = {isa = PBXFileReference; fileEncoding = 4; lastKnownFileType = sourcecode.javascript; path = plugin.js; sourceTree = "<group>"; };
		B7F0CB3916F4949B00BD49F3 /* plugin.xml */ = {isa = PBXFileReference; fileEncoding = 4; lastKnownFileType = text.xml; path = plugin.xml; sourceTree = "<group>"; };
		B7FC970D16BBA157006F6893 /* AppStore.app */ = {isa = PBXFileReference; explicitFileType = wrapper.application; includeInIndex = 0; path = AppStore.app; sourceTree = BUILT_PRODUCTS_DIR; };
		B7FC971116BBA157006F6893 /* UIKit.framework */ = {isa = PBXFileReference; lastKnownFileType = wrapper.framework; name = UIKit.framework; path = System/Library/Frameworks/UIKit.framework; sourceTree = SDKROOT; };
		B7FC971316BBA157006F6893 /* Foundation.framework */ = {isa = PBXFileReference; lastKnownFileType = wrapper.framework; name = Foundation.framework; path = System/Library/Frameworks/Foundation.framework; sourceTree = SDKROOT; };
		B7FC971516BBA157006F6893 /* CoreGraphics.framework */ = {isa = PBXFileReference; lastKnownFileType = wrapper.framework; name = CoreGraphics.framework; path = System/Library/Frameworks/CoreGraphics.framework; sourceTree = SDKROOT; };
		B7FC971916BBA157006F6893 /* AppStore-Info.plist */ = {isa = PBXFileReference; lastKnownFileType = text.plist.xml; path = "AppStore-Info.plist"; sourceTree = "<group>"; };
		B7FC971B16BBA157006F6893 /* en */ = {isa = PBXFileReference; lastKnownFileType = text.plist.strings; name = en; path = en.lproj/InfoPlist.strings; sourceTree = "<group>"; };
		B7FC971D16BBA157006F6893 /* main.m */ = {isa = PBXFileReference; lastKnownFileType = sourcecode.c.objc; path = main.m; sourceTree = "<group>"; };
		B7FC971F16BBA157006F6893 /* AppStore-Prefix.pch */ = {isa = PBXFileReference; lastKnownFileType = sourcecode.c.h; path = "AppStore-Prefix.pch"; sourceTree = "<group>"; };
		B7FC972016BBA157006F6893 /* iHAppDelegate.h */ = {isa = PBXFileReference; lastKnownFileType = sourcecode.c.h; path = iHAppDelegate.h; sourceTree = "<group>"; };
		B7FC972116BBA157006F6893 /* iHAppDelegate.m */ = {isa = PBXFileReference; lastKnownFileType = sourcecode.c.objc; path = iHAppDelegate.m; sourceTree = "<group>"; };
		B7FC972316BBA157006F6893 /* Default.png */ = {isa = PBXFileReference; lastKnownFileType = image.png; path = Default.png; sourceTree = "<group>"; };
		B7FC972516BBA157006F6893 /* Default@2x.png */ = {isa = PBXFileReference; lastKnownFileType = image.png; path = "Default@2x.png"; sourceTree = "<group>"; };
		B7FC972716BBA157006F6893 /* Default-568h@2x.png */ = {isa = PBXFileReference; lastKnownFileType = image.png; path = "Default-568h@2x.png"; sourceTree = "<group>"; };
		B7FC972F16BBA172006F6893 /* cJZKeOuBrn4kERxqtaUH3bO3LdcAZYWl9Si6vvxL-qU.woff */ = {isa = PBXFileReference; lastKnownFileType = file; path = "cJZKeOuBrn4kERxqtaUH3bO3LdcAZYWl9Si6vvxL-qU.woff"; sourceTree = "<group>"; };
		B7FC973016BBA172006F6893 /* css */ = {isa = PBXFileReference; fileEncoding = 4; lastKnownFileType = text; path = css; sourceTree = "<group>"; };
		B7FC973116BBA172006F6893 /* default2.css */ = {isa = PBXFileReference; fileEncoding = 4; lastKnownFileType = text.css; path = default2.css; sourceTree = "<group>"; };
		B7FC973216BBA172006F6893 /* DXI1ORHCpsQm3Vp6mXoaTaRDOzjiPcYnFooOUGCOsRk.woff */ = {isa = PBXFileReference; lastKnownFileType = file; path = DXI1ORHCpsQm3Vp6mXoaTaRDOzjiPcYnFooOUGCOsRk.woff; sourceTree = "<group>"; };
		B7FC973316BBA172006F6893 /* k3k702ZOKiLJc3WVjuplzKRDOzjiPcYnFooOUGCOsRk.woff */ = {isa = PBXFileReference; lastKnownFileType = file; path = k3k702ZOKiLJc3WVjuplzKRDOzjiPcYnFooOUGCOsRk.woff; sourceTree = "<group>"; };
		B7FC973416BBA172006F6893 /* maia-suez.sitemap.cs */ = {isa = PBXFileReference; fileEncoding = 4; lastKnownFileType = text; path = "maia-suez.sitemap.cs"; sourceTree = "<group>"; };
		B7FC973516BBA172006F6893 /* MTP_ySUJH_bn48VBG8sNSqRDOzjiPcYnFooOUGCOsRk.woff */ = {isa = PBXFileReference; lastKnownFileType = file; path = MTP_ySUJH_bn48VBG8sNSqRDOzjiPcYnFooOUGCOsRk.woff; sourceTree = "<group>"; };
		B7FC974716BBA98E006F6893 /* index.html */ = {isa = PBXFileReference; fileEncoding = 4; lastKnownFileType = text.html; name = index.html; path = ../index.html; sourceTree = "<group>"; };
/* End PBXFileReference section */

/* Begin PBXFrameworksBuildPhase section */
		B7FC970A16BBA157006F6893 /* Frameworks */ = {
			isa = PBXFrameworksBuildPhase;
			buildActionMask = 2147483647;
			files = (
				B7FC971216BBA157006F6893 /* UIKit.framework in Frameworks */,
				B7FC971416BBA157006F6893 /* Foundation.framework in Frameworks */,
				B7FC971616BBA157006F6893 /* CoreGraphics.framework in Frameworks */,
			);
			runOnlyForDeploymentPostprocessing = 0;
		};
/* End PBXFrameworksBuildPhase section */

/* Begin PBXGroup section */
		B712F77116F0BF9600D193B7 /* Testing */ = {
			isa = PBXGroup;
			children = (
				B712F79316F0C6B000D193B7 /* IHTestCenter.js */,
				B712F79116F0C44500D193B7 /* IHObjectTester.js */,
				B725AB4C16F155570057A0A4 /* IHUtilsTester.js */,
				B75C212A16F1F5B1004B8CB3 /* IHPackageTester.js */,
				B75C212D16F1FF06004B8CB3 /* IHXMLTester.js */,
				B75C212F16F20296004B8CB3 /* testXML.xml */,
				B75C213316F21508004B8CB3 /* IHScrollTester.js */,
				B7F0CB1516F48FAF00BD49F3 /* IHPubSubTester.js */,
				B7F0CB1816F4949B00BD49F3 /* IHMessageTester.js */,
				B7F0CB3316F4949B00BD49F3 /* IHAMPEngineTester.js */,
			);
			path = Testing;
			sourceTree = "<group>";
		};
		B712F77216F0BF9600D193B7 /* ThirdPartFrameworks */ = {
			isa = PBXGroup;
			children = (
				B766B48616F8577D00610BCB /* controller.js */,
				B766B48716F8577D00610BCB /* cover.js */,
				B766B48816F8577D00610BCB /* coverflow.js */,
				B766B48916F8577D00610BCB /* flash.js */,
				B766B48A16F8577D00610BCB /* html5.js */,
				B766B48B16F8577D00610BCB /* main.js */,
				B766B48C16F8577D00610BCB /* modernizr.js */,
				B766B48D16F8577D00610BCB /* playlistloader.js */,
				B766B48E16F8577D00610BCB /* signal.js */,
				B766B48F16F8577D00610BCB /* utils.js */,
				B7F0CB1C16F4949B00BD49F3 /* jquery-1.9.1.js */,
				B7F0CB3516F4949B00BD49F3 /* jquery-1.9.1.min.js */,
				B7F0CB1D16F4949B00BD49F3 /* jquery-plugin-data.js */,
				B7F0CB1E16F4949B00BD49F3 /* jquery-ui-1.8.21.custom.min.js */,
				B7F0CB1A16F4949B00BD49F3 /* IH$Service.js */,
				B7F0CB2A16F4949B00BD49F3 /* jquery-plugin-animation.js */,
			);
			path = ThirdPartFrameworks;
			sourceTree = "<group>";
		};
		B712F77616F0C12800D193B7 /* iHFramework */ = {
			isa = PBXGroup;
			children = (
				B712F77716F0C12800D193B7 /* IHBlock.js */,
				B712F77816F0C12800D193B7 /* IHCategory.js */,
				B712F77916F0C12800D193B7 /* IHEngine.js */,
				B712F77A16F0C12800D193B7 /* IHGantt.js */,
				B712F77B16F0C12800D193B7 /* IHKeyMap.js */,
				B712F77C16F0C12800D193B7 /* IHMessage.js */,
				B712F77D16F0C12800D193B7 /* IHObject.js */,
				B712F77E16F0C12800D193B7 /* IHPackage.js */,
				B712F77F16F0C12800D193B7 /* IHPubSub.js */,
				B712F78016F0C12800D193B7 /* IHService.js */,
				B712F78116F0C12800D193B7 /* IHUser.js */,
				B712F78216F0C12800D193B7 /* IHUtils.js */,
				B712F78316F0C12800D193B7 /* IHXML.js */,
				B75C213116F20F3B004B8CB3 /* IHScroll.js */,
				B7F0CB2C16F4949B00BD49F3 /* IHAMPEngine.js */,
				B7F0CB2E16F4949B00BD49F3 /* IHAMPPlugin.js */,
			);
			path = iHFramework;
			sourceTree = "<group>";
		};
		B78502FB16F6E4500045A26F /* home */ = {
			isa = PBXGroup;
			children = (
				B78502FC16F6E4500045A26F /* plugin.js */,
				B78502FD16F6E4500045A26F /* plugin.xml */,
			);
			path = home;
			sourceTree = "<group>";
		};
		B785030616F6E5170045A26F /* products */ = {
			isa = PBXGroup;
			children = (
				B785030716F6E5170045A26F /* plugin.js */,
				B785030816F6E5170045A26F /* plugin.xml */,
			);
			path = products;
			sourceTree = "<group>";
		};
		B7BBF7F716E7376400D86F69 /* iHakula */ = {
			isa = PBXGroup;
			children = (
				B7BBF7F816E7376400D86F69 /* css */,
				B7BBF7F916E7376400D86F69 /* images */,
				B7BBF7FA16E7376400D86F69 /* js */,
				B7BBF7FC16E7377800D86F69 /* index.html */,
			);
			name = iHakula;
			path = ../iHakula;
			sourceTree = "<group>";
		};
		B7BBF7F816E7376400D86F69 /* css */ = {
			isa = PBXGroup;
			children = (
				B7F0CB2216F4949B00BD49F3 /* animate.css */,
				B7F0CB2316F4949B00BD49F3 /* button.css */,
				B7F0CB2416F4949B00BD49F3 /* gantt.css */,
				B7F0CB2516F4949B00BD49F3 /* jquery-ui-1.8.21.custom.css */,
				B7BBF7FE16E739EC00D86F69 /* objc.css */,
				B7BBF7FF16E739EC00D86F69 /* reset.css */,
				B7BBF80016E739EC00D86F69 /* style.css */,
			);
			path = css;
			sourceTree = "<group>";
		};
		B7BBF7F916E7376400D86F69 /* images */ = {
			isa = PBXGroup;
			children = (
				B7BBF80416E739F800D86F69 /* hr.png */,
				B7BBF80516E739F800D86F69 /* icons */,
				B7BBF80716E739F800D86F69 /* logos */,
				B7BBF80916E739F800D86F69 /* texture.png */,
			);
			path = images;
			sourceTree = "<group>";
		};
		B7BBF7FA16E7376400D86F69 /* js */ = {
			isa = PBXGroup;
			children = (
				B7F0CB3016F4949B00BD49F3 /* Plugins */,
				B712F77616F0C12800D193B7 /* iHFramework */,
				B712F77116F0BF9600D193B7 /* Testing */,
				B712F77216F0BF9600D193B7 /* ThirdPartFrameworks */,
			);
			path = js;
			sourceTree = "<group>";
		};
		B7BBF80516E739F800D86F69 /* icons */ = {
			isa = PBXGroup;
			children = (
				B7BBF80616E739F800D86F69 /* 1.ico */,
			);
			path = icons;
			sourceTree = "<group>";
		};
		B7BBF80716E739F800D86F69 /* logos */ = {
			isa = PBXGroup;
			children = (
				B7BBF80816E739F800D86F69 /* logo.png */,
			);
			path = logos;
			sourceTree = "<group>";
		};
		B7F0CB3016F4949B00BD49F3 /* Plugins */ = {
			isa = PBXGroup;
			children = (
				B785030616F6E5170045A26F /* products */,
				B78502FB16F6E4500045A26F /* home */,
				B7F0CB3716F4949B00BD49F3 /* root */,
				B7F0CB3116F4949B00BD49F3 /* ampConf.xml */,
			);
			path = Plugins;
			sourceTree = "<group>";
		};
		B7F0CB3716F4949B00BD49F3 /* root */ = {
			isa = PBXGroup;
			children = (
				B7F0CB3816F4949B00BD49F3 /* plugin.js */,
				B7F0CB3916F4949B00BD49F3 /* plugin.xml */,
			);
			path = root;
			sourceTree = "<group>";
		};
		B7FC970216BBA157006F6893 = {
			isa = PBXGroup;
			children = (
				B7BBF7F716E7376400D86F69 /* iHakula */,
				B7FC974716BBA98E006F6893 /* index.html */,
				B7FC972E16BBA172006F6893 /* css */,
				B7FC971716BBA157006F6893 /* AppStore */,
				B7FC971016BBA157006F6893 /* Frameworks */,
				B7FC970E16BBA157006F6893 /* Products */,
			);
			sourceTree = "<group>";
		};
		B7FC970E16BBA157006F6893 /* Products */ = {
			isa = PBXGroup;
			children = (
				B7FC970D16BBA157006F6893 /* AppStore.app */,
			);
			name = Products;
			sourceTree = "<group>";
		};
		B7FC971016BBA157006F6893 /* Frameworks */ = {
			isa = PBXGroup;
			children = (
				B7FC971116BBA157006F6893 /* UIKit.framework */,
				B7FC971316BBA157006F6893 /* Foundation.framework */,
				B7FC971516BBA157006F6893 /* CoreGraphics.framework */,
			);
			name = Frameworks;
			sourceTree = "<group>";
		};
		B7FC971716BBA157006F6893 /* AppStore */ = {
			isa = PBXGroup;
			children = (
				B7FC972016BBA157006F6893 /* iHAppDelegate.h */,
				B7FC972116BBA157006F6893 /* iHAppDelegate.m */,
				B7FC971816BBA157006F6893 /* Supporting Files */,
			);
			path = AppStore;
			sourceTree = "<group>";
		};
		B7FC971816BBA157006F6893 /* Supporting Files */ = {
			isa = PBXGroup;
			children = (
				B7FC971916BBA157006F6893 /* AppStore-Info.plist */,
				B7FC971A16BBA157006F6893 /* InfoPlist.strings */,
				B7FC971D16BBA157006F6893 /* main.m */,
				B7FC971F16BBA157006F6893 /* AppStore-Prefix.pch */,
				B7FC972316BBA157006F6893 /* Default.png */,
				B7FC972516BBA157006F6893 /* Default@2x.png */,
				B7FC972716BBA157006F6893 /* Default-568h@2x.png */,
			);
			name = "Supporting Files";
			sourceTree = "<group>";
		};
		B7FC972E16BBA172006F6893 /* css */ = {
			isa = PBXGroup;
			children = (
				B7FC972F16BBA172006F6893 /* cJZKeOuBrn4kERxqtaUH3bO3LdcAZYWl9Si6vvxL-qU.woff */,
				B7FC973016BBA172006F6893 /* css */,
				B7FC973116BBA172006F6893 /* default2.css */,
				B7FC973216BBA172006F6893 /* DXI1ORHCpsQm3Vp6mXoaTaRDOzjiPcYnFooOUGCOsRk.woff */,
				B7FC973316BBA172006F6893 /* k3k702ZOKiLJc3WVjuplzKRDOzjiPcYnFooOUGCOsRk.woff */,
				B7FC973416BBA172006F6893 /* maia-suez.sitemap.cs */,
				B7FC973516BBA172006F6893 /* MTP_ySUJH_bn48VBG8sNSqRDOzjiPcYnFooOUGCOsRk.woff */,
			);
			name = css;
			path = ../css;
			sourceTree = "<group>";
		};
/* End PBXGroup section */

/* Begin PBXNativeTarget section */
		B7FC970C16BBA157006F6893 /* AppStore */ = {
			isa = PBXNativeTarget;
			buildConfigurationList = B7FC972B16BBA157006F6893 /* Build configuration list for PBXNativeTarget "AppStore" */;
			buildPhases = (
				B7FC970916BBA157006F6893 /* Sources */,
				B7FC970A16BBA157006F6893 /* Frameworks */,
				B7FC970B16BBA157006F6893 /* Resources */,
			);
			buildRules = (
			);
			dependencies = (
			);
			name = AppStore;
			productName = AppStore;
			productReference = B7FC970D16BBA157006F6893 /* AppStore.app */;
			productType = "com.apple.product-type.application";
		};
/* End PBXNativeTarget section */

/* Begin PBXProject section */
		B7FC970416BBA157006F6893 /* Project object */ = {
			isa = PBXProject;
			attributes = {
				CLASSPREFIX = iH;
				LastUpgradeCheck = 0450;
				ORGANIZATIONNAME = iHakula;
			};
			buildConfigurationList = B7FC970716BBA157006F6893 /* Build configuration list for PBXProject "AppStore" */;
			compatibilityVersion = "Xcode 3.2";
			developmentRegion = English;
			hasScannedForEncodings = 0;
			knownRegions = (
				en,
			);
			mainGroup = B7FC970216BBA157006F6893;
			productRefGroup = B7FC970E16BBA157006F6893 /* Products */;
			projectDirPath = "";
			projectRoot = "";
			targets = (
				B7FC970C16BBA157006F6893 /* AppStore */,
			);
		};
/* End PBXProject section */

/* Begin PBXResourcesBuildPhase section */
		B7FC970B16BBA157006F6893 /* Resources */ = {
			isa = PBXResourcesBuildPhase;
			buildActionMask = 2147483647;
			files = (
				B7FC971C16BBA157006F6893 /* InfoPlist.strings in Resources */,
				B7FC972416BBA157006F6893 /* Default.png in Resources */,
				B7FC972616BBA157006F6893 /* Default@2x.png in Resources */,
				B7FC972816BBA157006F6893 /* Default-568h@2x.png in Resources */,
				B7FC973716BBA172006F6893 /* cJZKeOuBrn4kERxqtaUH3bO3LdcAZYWl9Si6vvxL-qU.woff in Resources */,
				B7FC973816BBA172006F6893 /* css in Resources */,
				B7FC973916BBA172006F6893 /* default2.css in Resources */,
				B7FC973A16BBA172006F6893 /* DXI1ORHCpsQm3Vp6mXoaTaRDOzjiPcYnFooOUGCOsRk.woff in Resources */,
				B7FC973B16BBA172006F6893 /* k3k702ZOKiLJc3WVjuplzKRDOzjiPcYnFooOUGCOsRk.woff in Resources */,
				B7FC973C16BBA172006F6893 /* maia-suez.sitemap.cs in Resources */,
				B7FC973D16BBA172006F6893 /* MTP_ySUJH_bn48VBG8sNSqRDOzjiPcYnFooOUGCOsRk.woff in Resources */,
				B7FC974816BBA98E006F6893 /* index.html in Resources */,
				B7BBF7FD16E7377800D86F69 /* index.html in Resources */,
				B7BBF80116E739EC00D86F69 /* objc.css in Resources */,
				B7BBF80216E739EC00D86F69 /* reset.css in Resources */,
				B7BBF80316E739EC00D86F69 /* style.css in Resources */,
				B7BBF80A16E739F800D86F69 /* hr.png in Resources */,
				B7BBF80B16E739F800D86F69 /* 1.ico in Resources */,
				B7BBF80C16E739F800D86F69 /* logo.png in Resources */,
				B7BBF80D16E739F800D86F69 /* texture.png in Resources */,
				B75C213016F20296004B8CB3 /* testXML.xml in Resources */,
				B7F0CB2616F4949B00BD49F3 /* animate.css in Resources */,
				B7F0CB2716F4949B00BD49F3 /* button.css in Resources */,
				B7F0CB2816F4949B00BD49F3 /* gantt.css in Resources */,
				B7F0CB2916F4949B00BD49F3 /* jquery-ui-1.8.21.custom.css in Resources */,
				B7F0CB3216F4949B00BD49F3 /* ampConf.xml in Resources */,
				B7F0CB3B16F4949B00BD49F3 /* plugin.xml in Resources */,
				B785030216F6E4500045A26F /* plugin.xml in Resources */,
				B785030A16F6E5170045A26F /* plugin.xml in Resources */,
			);
			runOnlyForDeploymentPostprocessing = 0;
		};
/* End PBXResourcesBuildPhase section */

/* Begin PBXSourcesBuildPhase section */
		B7FC970916BBA157006F6893 /* Sources */ = {
			isa = PBXSourcesBuildPhase;
			buildActionMask = 2147483647;
			files = (
				B7FC971E16BBA157006F6893 /* main.m in Sources */,
				B7FC972216BBA157006F6893 /* iHAppDelegate.m in Sources */,
				B712F78416F0C12800D193B7 /* IHBlock.js in Sources */,
				B712F78516F0C12800D193B7 /* IHCategory.js in Sources */,
				B712F78616F0C12800D193B7 /* IHEngine.js in Sources */,
				B712F78716F0C12800D193B7 /* IHGantt.js in Sources */,
				B712F78816F0C12800D193B7 /* IHKeyMap.js in Sources */,
				B712F78916F0C12800D193B7 /* IHMessage.js in Sources */,
				B712F78A16F0C12800D193B7 /* IHObject.js in Sources */,
				B712F78B16F0C12800D193B7 /* IHPackage.js in Sources */,
				B712F78C16F0C12800D193B7 /* IHPubSub.js in Sources */,
				B712F78D16F0C12800D193B7 /* IHService.js in Sources */,
				B712F78E16F0C12800D193B7 /* IHUser.js in Sources */,
				B712F78F16F0C12800D193B7 /* IHUtils.js in Sources */,
				B712F79016F0C12800D193B7 /* IHXML.js in Sources */,
				B712F79216F0C44500D193B7 /* IHObjectTester.js in Sources */,
				B712F79416F0C6B000D193B7 /* IHTestCenter.js in Sources */,
				B725AB4D16F155570057A0A4 /* IHUtilsTester.js in Sources */,
				B75C212B16F1F5B1004B8CB3 /* IHPackageTester.js in Sources */,
				B75C212E16F1FF06004B8CB3 /* IHXMLTester.js in Sources */,
				B75C213216F20F3B004B8CB3 /* IHScroll.js in Sources */,
				B75C213416F21508004B8CB3 /* IHScrollTester.js in Sources */,
				B7F0CB1616F48FAF00BD49F3 /* IHPubSubTester.js in Sources */,
				B7F0CB1916F4949B00BD49F3 /* IHMessageTester.js in Sources */,
				B7F0CB1B16F4949B00BD49F3 /* IH$Service.js in Sources */,
				B7F0CB1F16F4949B00BD49F3 /* jquery-1.9.1.js in Sources */,
				B7F0CB2016F4949B00BD49F3 /* jquery-plugin-data.js in Sources */,
				B7F0CB2116F4949B00BD49F3 /* jquery-ui-1.8.21.custom.min.js in Sources */,
				B7F0CB2B16F4949B00BD49F3 /* jquery-plugin-animation.js in Sources */,
				B7F0CB2D16F4949B00BD49F3 /* IHAMPEngine.js in Sources */,
				B7F0CB2F16F4949B00BD49F3 /* IHAMPPlugin.js in Sources */,
				B7F0CB3416F4949B00BD49F3 /* IHAMPEngineTester.js in Sources */,
				B7F0CB3616F4949B00BD49F3 /* jquery-1.9.1.min.js in Sources */,
				B7F0CB3A16F4949B00BD49F3 /* plugin.js in Sources */,
				B785030116F6E4500045A26F /* plugin.js in Sources */,
				B785030916F6E5170045A26F /* plugin.js in Sources */,
				B766B49016F8577D00610BCB /* controller.js in Sources */,
				B766B49116F8577D00610BCB /* cover.js in Sources */,
				B766B49216F8577D00610BCB /* coverflow.js in Sources */,
				B766B49316F8577D00610BCB /* flash.js in Sources */,
				B766B49416F8577D00610BCB /* html5.js in Sources */,
				B766B49516F8577D00610BCB /* main.js in Sources */,
				B766B49616F8577D00610BCB /* modernizr.js in Sources */,
				B766B49716F8577D00610BCB /* playlistloader.js in Sources */,
				B766B49816F8577D00610BCB /* signal.js in Sources */,
				B766B49916F8577D00610BCB /* utils.js in Sources */,
			);
			runOnlyForDeploymentPostprocessing = 0;
		};
/* End PBXSourcesBuildPhase section */

/* Begin PBXVariantGroup section */
		B7FC971A16BBA157006F6893 /* InfoPlist.strings */ = {
			isa = PBXVariantGroup;
			children = (
				B7FC971B16BBA157006F6893 /* en */,
			);
			name = InfoPlist.strings;
			sourceTree = "<group>";
		};
/* End PBXVariantGroup section */

/* Begin XCBuildConfiguration section */
		B7FC972916BBA157006F6893 /* Debug */ = {
			isa = XCBuildConfiguration;
			buildSettings = {
				ALWAYS_SEARCH_USER_PATHS = NO;
				CLANG_CXX_LANGUAGE_STANDARD = "gnu++0x";
				CLANG_CXX_LIBRARY = "libc++";
				CLANG_ENABLE_OBJC_ARC = YES;
				CLANG_WARN_EMPTY_BODY = YES;
				CLANG_WARN__DUPLICATE_METHOD_MATCH = YES;
				"CODE_SIGN_IDENTITY[sdk=iphoneos*]" = "iPhone Developer";
				COPY_PHASE_STRIP = NO;
				GCC_C_LANGUAGE_STANDARD = gnu99;
				GCC_DYNAMIC_NO_PIC = NO;
				GCC_OPTIMIZATION_LEVEL = 0;
				GCC_PREPROCESSOR_DEFINITIONS = (
					"DEBUG=1",
					"$(inherited)",
				);
				GCC_SYMBOLS_PRIVATE_EXTERN = NO;
				GCC_WARN_ABOUT_RETURN_TYPE = YES;
				GCC_WARN_UNINITIALIZED_AUTOS = YES;
				GCC_WARN_UNUSED_VARIABLE = YES;
				IPHONEOS_DEPLOYMENT_TARGET = 6.0;
				ONLY_ACTIVE_ARCH = YES;
				SDKROOT = iphoneos;
				TARGETED_DEVICE_FAMILY = "1,2";
			};
			name = Debug;
		};
		B7FC972A16BBA157006F6893 /* Release */ = {
			isa = XCBuildConfiguration;
			buildSettings = {
				ALWAYS_SEARCH_USER_PATHS = NO;
				CLANG_CXX_LANGUAGE_STANDARD = "gnu++0x";
				CLANG_CXX_LIBRARY = "libc++";
				CLANG_ENABLE_OBJC_ARC = YES;
				CLANG_WARN_EMPTY_BODY = YES;
				CLANG_WARN__DUPLICATE_METHOD_MATCH = YES;
				"CODE_SIGN_IDENTITY[sdk=iphoneos*]" = "iPhone Developer";
				COPY_PHASE_STRIP = YES;
				GCC_C_LANGUAGE_STANDARD = gnu99;
				GCC_WARN_ABOUT_RETURN_TYPE = YES;
				GCC_WARN_UNINITIALIZED_AUTOS = YES;
				GCC_WARN_UNUSED_VARIABLE = YES;
				IPHONEOS_DEPLOYMENT_TARGET = 6.0;
				OTHER_CFLAGS = "-DNS_BLOCK_ASSERTIONS=1";
				SDKROOT = iphoneos;
				TARGETED_DEVICE_FAMILY = "1,2";
				VALIDATE_PRODUCT = YES;
			};
			name = Release;
		};
		B7FC972C16BBA157006F6893 /* Debug */ = {
			isa = XCBuildConfiguration;
			buildSettings = {
				GCC_PRECOMPILE_PREFIX_HEADER = YES;
				GCC_PREFIX_HEADER = "AppStore/AppStore-Prefix.pch";
				INFOPLIST_FILE = "AppStore/AppStore-Info.plist";
				PRODUCT_NAME = "$(TARGET_NAME)";
				WRAPPER_EXTENSION = app;
			};
			name = Debug;
		};
		B7FC972D16BBA157006F6893 /* Release */ = {
			isa = XCBuildConfiguration;
			buildSettings = {
				GCC_PRECOMPILE_PREFIX_HEADER = YES;
				GCC_PREFIX_HEADER = "AppStore/AppStore-Prefix.pch";
				INFOPLIST_FILE = "AppStore/AppStore-Info.plist";
				PRODUCT_NAME = "$(TARGET_NAME)";
				WRAPPER_EXTENSION = app;
			};
			name = Release;
		};
/* End XCBuildConfiguration section */

/* Begin XCConfigurationList section */
		B7FC970716BBA157006F6893 /* Build configuration list for PBXProject "AppStore" */ = {
			isa = XCConfigurationList;
			buildConfigurations = (
				B7FC972916BBA157006F6893 /* Debug */,
				B7FC972A16BBA157006F6893 /* Release */,
			);
			defaultConfigurationIsVisible = 0;
			defaultConfigurationName = Release;
		};
		B7FC972B16BBA157006F6893 /* Build configuration list for PBXNativeTarget "AppStore" */ = {
			isa = XCConfigurationList;
			buildConfigurations = (
				B7FC972C16BBA157006F6893 /* Debug */,
				B7FC972D16BBA157006F6893 /* Release */,
			);
			defaultConfigurationIsVisible = 0;
			defaultConfigurationName = Release;
		};
/* End XCConfigurationList section */
	};
	rootObject = B7FC970416BBA157006F6893 /* Project object */;
}
